
Microsoft Visual Studio Solution File, Format Version 12.00
# Visual Studio Version 16
VisualStudioVersion = 16.0.32602.291
MinimumVisualStudioVersion = 10.0.40219.1
Project("{FAE04EC0-301F-11D3-BF4B-00C04F79EFBC}") = "MultiThreadServer", "MultiThreadServer\MultiThreadServer.csproj", "{7A8F901E-8C3A-4D13-A498-0448326878B6}"
EndProject
Global
	GlobalSection(SolutionConfigurationPlatforms) = preSolution
		Debug|Any CPU = Debug|Any CPU
		Release|Any CPU = Release|Any CPU
	EndGlobalSection
	GlobalSection(ProjectConfigurationPlatforms) = postSolution
		{7A8F901E-8C3A-4D13-A498-0448326878B6}.Debug|Any CPU.ActiveCfg = Debug|Any CPU
		{7A8F901E-8C3A-4D13-A498-0448326878B6}.Debug|Any CPU.Build.0 = Debug|Any CPU
		{7A8F901E-8C3A-4D13-A498-0448326878B6}.Release|Any CPU.ActiveCfg = Release|Any CPU
		{7A8F901E-8C3A-4D13-A498-0448326878B6}.Release|Any CPU.Build.0 = Release|Any CPU
	EndGlobalSection
	GlobalSection(SolutionProperties) = preSolution
		HideSolutionNode = FALSE
	EndGlobalSection
	GlobalSection(ExtensibilityGlobals) = postSolution
		SolutionGuid = {C0FFB327-EF48-4C0B-8620-06E39BF701BB}
	EndGlobalSection
EndGlobal
